
Microsoft Visual Studio Solution File, Format Version 12.00
# Visual Studio Version 16
VisualStudioVersion = 16.0.31702.278
MinimumVisualStudioVersion = 10.0.40219.1
Project("{8BC9CEB8-8B4A-11D0-8D11-00A0C91BC942}") = "test05-循环语句", "test05-循环语句\test05-循环语句.vcxproj", "{6C5CE043-8861-449E-A76C-B826AF708CA1}"
EndProject
Global
	GlobalSection(SolutionConfigurationPlatforms) = preSolution
		Debug|x64 = Debug|x64
		Debug|x86 = Debug|x86
		Release|x64 = Release|x64
		Release|x86 = Release|x86
	EndGlobalSection
	GlobalSection(ProjectConfigurationPlatforms) = postSolution
		{6C5CE043-8861-449E-A76C-B826AF708CA1}.Debug|x64.ActiveCfg = Debug|x64
		{6C5CE043-8861-449E-A76C-B826AF708CA1}.Debug|x64.Build.0 = Debug|x64
		{6C5CE043-8861-449E-A76C-B826AF708CA1}.Debug|x86.ActiveCfg = Debug|Win32
		{6C5CE043-8861-449E-A76C-B826AF708CA1}.Debug|x86.Build.0 = Debug|Win32
		{6C5CE043-8861-449E-A76C-B826AF708CA1}.Release|x64.ActiveCfg = Release|x64
		{6C5CE043-8861-449E-A76C-B826AF708CA1}.Release|x64.Build.0 = Release|x64
		{6C5CE043-8861-449E-A76C-B826AF708CA1}.Release|x86.ActiveCfg = Release|Win32
		{6C5CE043-8861-449E-A76C-B826AF708CA1}.Release|x86.Build.0 = Release|Win32
	EndGlobalSection
	GlobalSection(SolutionProperties) = preSolution
		HideSolutionNode = FALSE
	EndGlobalSection
	GlobalSection(ExtensibilityGlobals) = postSolution
		SolutionGuid = {B14C8984-DAF4-412E-BE33-16307FCE98A6}
	EndGlobalSection
EndGlobal
